{
    "name": "roblib-starter",
    "version": "2.0.0-alpha.1",
    "lockfileVersion": 2,
    "requires": true,
    "packages": {
        "": {
            "name": "roblib-starter",
            "version": "2.0.0-alpha.1",
            "license": "MIT",
            "dependencies": {
                "@kareszklub/roblib-client": "github:kareszklub/roblib-client#v2"
            },
            "devDependencies": {
                "@types/node": "^17.0.6",
                "typescript": "^4.5.4"
            }
        },
        "node_modules/@kareszklub/roblib-client": {
            "version": "2.0.0-alpha.1",
            "resolved": "git+ssh://git@github.com/kareszklub/roblib-client.git#12591b6671087b101e61c85ae6f9ef4b57f4f23d",
            "hasInstallScript": true,
            "license": "LGPL-3.0",
            "dependencies": {
                "@types/node": "^17.0.6",
                "@types/ws": "^8.2.2",
                "typescript": "^4.5.4",
                "ws": "^8.4.0"
            },
            "engines": {
                "node": ">=14.8"
            }
        },
        "node_modules/@types/node": {
            "version": "17.0.6",
            "resolved": "https://registry.npmjs.org/@types/node/-/node-17.0.6.tgz",
            "integrity": "sha512-+XBAjfZmmivILUzO0HwBJoYkAyyySSLg5KCGBDFLomJo0sV6szvVLAf4ANZZ0pfWzgEds5KmGLG9D5hfEqOhaA=="
        },
        "node_modules/@types/ws": {
            "version": "8.2.2",
            "resolved": "https://registry.npmjs.org/@types/ws/-/ws-8.2.2.tgz",
            "integrity": "sha512-NOn5eIcgWLOo6qW8AcuLZ7G8PycXu0xTxxkS6Q18VWFxgPUSOwV0pBj2a/4viNZVu25i7RIB7GttdkAIUUXOOg==",
            "dependencies": {
                "@types/node": "*"
            }
        },
        "node_modules/typescript": {
            "version": "4.5.4",
            "resolved": "https://registry.npmjs.org/typescript/-/typescript-4.5.4.tgz",
            "integrity": "sha512-VgYs2A2QIRuGphtzFV7aQJduJ2gyfTljngLzjpfW9FoYZF6xuw1W0vW9ghCKLfcWrCFxK81CSGRAvS1pn4fIUg==",
            "bin": {
                "tsc": "bin/tsc",
                "tsserver": "bin/tsserver"
            },
            "engines": {
                "node": ">=4.2.0"
            }
        },
        "node_modules/ws": {
            "version": "8.4.0",
            "resolved": "https://registry.npmjs.org/ws/-/ws-8.4.0.tgz",
            "integrity": "sha512-IHVsKe2pjajSUIl4KYMQOdlyliovpEPquKkqbwswulszzI7r0SfQrxnXdWAEqOlDCLrVSJzo+O1hAwdog2sKSQ==",
            "engines": {
                "node": ">=10.0.0"
            },
            "peerDependencies": {
                "bufferutil": "^4.0.1",
                "utf-8-validate": "^5.0.2"
            },
            "peerDependenciesMeta": {
                "bufferutil": {
                    "optional": true
                },
                "utf-8-validate": {
                    "optional": true
                }
            }
        }
    },
    "dependencies": {
        "@kareszklub/roblib-client": {
            "version": "git+ssh://git@github.com/kareszklub/roblib-client.git#12591b6671087b101e61c85ae6f9ef4b57f4f23d",
            "from": "@kareszklub/roblib-client@github:kareszklub/roblib-client#v2",
            "requires": {
                "@types/node": "^17.0.6",
                "@types/ws": "^8.2.2",
                "typescript": "^4.5.4",
                "ws": "^8.4.0"
            }
        },
        "@types/node": {
            "version": "17.0.6",
            "resolved": "https://registry.npmjs.org/@types/node/-/node-17.0.6.tgz",
            "integrity": "sha512-+XBAjfZmmivILUzO0HwBJoYkAyyySSLg5KCGBDFLomJo0sV6szvVLAf4ANZZ0pfWzgEds5KmGLG9D5hfEqOhaA=="
        },
        "@types/ws": {
            "version": "8.2.2",
            "resolved": "https://registry.npmjs.org/@types/ws/-/ws-8.2.2.tgz",
            "integrity": "sha512-NOn5eIcgWLOo6qW8AcuLZ7G8PycXu0xTxxkS6Q18VWFxgPUSOwV0pBj2a/4viNZVu25i7RIB7GttdkAIUUXOOg==",
            "requires": {
                "@types/node": "*"
            }
        },
        "typescript": {
            "version": "4.5.4",
            "resolved": "https://registry.npmjs.org/typescript/-/typescript-4.5.4.tgz",
            "integrity": "sha512-VgYs2A2QIRuGphtzFV7aQJduJ2gyfTljngLzjpfW9FoYZF6xuw1W0vW9ghCKLfcWrCFxK81CSGRAvS1pn4fIUg=="
        },
        "ws": {
            "version": "8.4.0",
            "resolved": "https://registry.npmjs.org/ws/-/ws-8.4.0.tgz",
            "integrity": "sha512-IHVsKe2pjajSUIl4KYMQOdlyliovpEPquKkqbwswulszzI7r0SfQrxnXdWAEqOlDCLrVSJzo+O1hAwdog2sKSQ==",
            "requires": {}
        }
    }
}
