lockfileVersion: '6.0'

dependencies:
  '@kareszklub/roblib-client-node':
    specifier: ^0.0.3
    version: 0.0.3

packages:

  /@kareszklub/roblib-client-node-darwin-x64@0.0.3:
    resolution: {integrity: sha512-ovahVXsmYacJtdD2VOf5J+C6lryg6BJRh1aAqmQoPhP6rKANC/eGXtMTrS2TXDBAtPIE5WN2j1eu/Hw5Yt0xzA==}
    engines: {node: '>= 10'}
    cpu: [x64]
    os: [darwin]
    requiresBuild: true
    dev: false
    optional: true

  /@kareszklub/roblib-client-node-linux-arm-gnueabihf@0.0.3:
    resolution: {integrity: sha512-OhaonOMIdaaaaWK2+GrWeCMdsB5VP47UtnKsnVIU5NwtFwxoGH1uus+1uJuSEY8rtdb9VWQcsVFX5yw45tNJBg==}
    engines: {node: '>= 10'}
    cpu: [arm]
    os: [linux]
    requiresBuild: true
    dev: false
    optional: true

  /@kareszklub/roblib-client-node-linux-arm64-gnu@0.0.3:
    resolution: {integrity: sha512-zN9o27VTn2iKqaTtdMYcoz/glLoOVXqMMsJaiUHuINBccCtIGR7TnqopZOCnA1UgqLiubtrtJ4nIPlA7mIV+iw==}
    engines: {node: '>= 10'}
    cpu: [arm64]
    os: [linux]
    requiresBuild: true
    dev: false
    optional: true

  /@kareszklub/roblib-client-node-linux-x64-gnu@0.0.3:
    resolution: {integrity: sha512-2CbSPP6jVXvt7Gkvz4WAAJM35/Jh5IPiCeHJE9D4fV1edw52c/ZQ7onFi/6hwySY1M5THqdEEtRE3LzzaaIUjQ==}
    engines: {node: '>= 10'}
    cpu: [x64]
    os: [linux]
    requiresBuild: true
    dev: false
    optional: true

  /@kareszklub/roblib-client-node-linux-x64-musl@0.0.3:
    resolution: {integrity: sha512-U9rB+rtOzFOJN3uGkV1If1f2Ljg+I2XZmBOUO1mov/ifqW1x8WepUUp0NKPKTjVRWAoMCwf+0icjJEMWD5ul6g==}
    engines: {node: '>= 10'}
    cpu: [x64]
    os: [linux]
    requiresBuild: true
    dev: false
    optional: true

  /@kareszklub/roblib-client-node-win32-x64-msvc@0.0.3:
    resolution: {integrity: sha512-N4AJtMRvfDrBW9agLAQIyBTlEwmfEEOeudKUERqI2wLurxRfSIzWtUlIRomdcNRFiEeKQoF0oCF/e2odo98qRw==}
    engines: {node: '>= 10'}
    cpu: [x64]
    os: [win32]
    requiresBuild: true
    dev: false
    optional: true

  /@kareszklub/roblib-client-node@0.0.3:
    resolution: {integrity: sha512-Yvf8oRx8iT4WyyAj04dOJRRW3CfUFFbWF+fRSIM5EVOEz90Ucm2u+P8lLBA6wYB6W/Uyr3lHAKE4wuBXbITGOw==}
    engines: {node: '>= 10'}
    optionalDependencies:
      '@kareszklub/roblib-client-node-darwin-x64': 0.0.3
      '@kareszklub/roblib-client-node-linux-arm-gnueabihf': 0.0.3
      '@kareszklub/roblib-client-node-linux-arm64-gnu': 0.0.3
      '@kareszklub/roblib-client-node-linux-x64-gnu': 0.0.3
      '@kareszklub/roblib-client-node-linux-x64-musl': 0.0.3
      '@kareszklub/roblib-client-node-win32-x64-msvc': 0.0.3
    dev: false
